
Microsoft Visual Studio Solution File, Format Version 12.00
# Visual Studio Version 16
VisualStudioVersion = 16.0.30804.86
MinimumVisualStudioVersion = 10.0.40219.1
Project("{FAE04EC0-301F-11D3-BF4B-00C04F79EFBC}") = "ExtraEnemyCustomization", "ExtraEnemyCustomization\ExtraEnemyCustomization.csproj", "{53CC5CF0-F368-4078-B504-579AD678C2C6}"
EndProject
Global
	GlobalSection(SolutionConfigurationPlatforms) = preSolution
		Debug|Any CPU = Debug|Any CPU
		Release|Any CPU = Release|Any CPU
	EndGlobalSection
	GlobalSection(ProjectConfigurationPlatforms) = postSolution
		{53CC5CF0-F368-4078-B504-579AD678C2C6}.Debug|Any CPU.ActiveCfg = Debug|Any CPU
		{53CC5CF0-F368-4078-B504-579AD678C2C6}.Debug|Any CPU.Build.0 = Debug|Any CPU
		{53CC5CF0-F368-4078-B504-579AD678C2C6}.Release|Any CPU.ActiveCfg = Release|Any CPU
		{53CC5CF0-F368-4078-B504-579AD678C2C6}.Release|Any CPU.Build.0 = Release|Any CPU
	EndGlobalSection
	GlobalSection(SolutionProperties) = preSolution
		HideSolutionNode = FALSE
	EndGlobalSection
	GlobalSection(ExtensibilityGlobals) = postSolution
		SolutionGuid = {630EFC38-FCAC-482C-A475-E78D5EC50A04}
	EndGlobalSection
EndGlobal
